
Microsoft Visual Studio Solution File, Format Version 12.00
Project("{FAE04EC0-301F-11D3-BF4B-00C04F79EFBC}") = "LearningCICD", "LearningCICD\LearningCICD.csproj", "{BC724637-96EE-457E-B7BE-9EBDF1B7195B}"
EndProject
Global
	GlobalSection(SolutionConfigurationPlatforms) = preSolution
		Debug|Any CPU = Debug|Any CPU
		Release|Any CPU = Release|Any CPU
	EndGlobalSection
	GlobalSection(ProjectConfigurationPlatforms) = postSolution
		{BC724637-96EE-457E-B7BE-9EBDF1B7195B}.Debug|Any CPU.ActiveCfg = Debug|Any CPU
		{BC724637-96EE-457E-B7BE-9EBDF1B7195B}.Debug|Any CPU.Build.0 = Debug|Any CPU
		{BC724637-96EE-457E-B7BE-9EBDF1B7195B}.Release|Any CPU.ActiveCfg = Release|Any CPU
		{BC724637-96EE-457E-B7BE-9EBDF1B7195B}.Release|Any CPU.Build.0 = Release|Any CPU
	EndGlobalSection
EndGlobal
